
Microsoft Visual Studio Solution File, Format Version 12.00
# Visual Studio Version 17
VisualStudioVersion = 17.10.35027.167
MinimumVisualStudioVersion = 10.0.40219.1
Project("{FAE04EC0-301F-11D3-BF4B-00C04F79EFBC}") = "Task.PL", "Task.PL\Task.PL.csproj", "{7645734D-F2A6-4978-BB77-A96ED408D3BD}"
EndProject
Project("{FAE04EC0-301F-11D3-BF4B-00C04F79EFBC}") = "Task.DAL", "Task.DAL\Task.DAL.csproj", "{6AD89E7B-C5EC-4438-B370-6711B5FB750A}"
EndProject
Project("{FAE04EC0-301F-11D3-BF4B-00C04F79EFBC}") = "Task.BLL", "Task.BLL\Task.BLL.csproj", "{3B501B58-B78B-4526-9145-6FEBC65107CB}"
EndProject
Global
	GlobalSection(SolutionConfigurationPlatforms) = preSolution
		Debug|Any CPU = Debug|Any CPU
		Release|Any CPU = Release|Any CPU
	EndGlobalSection
	GlobalSection(ProjectConfigurationPlatforms) = postSolution
		{7645734D-F2A6-4978-BB77-A96ED408D3BD}.Debug|Any CPU.ActiveCfg = Debug|Any CPU
		{7645734D-F2A6-4978-BB77-A96ED408D3BD}.Debug|Any CPU.Build.0 = Debug|Any CPU
		{7645734D-F2A6-4978-BB77-A96ED408D3BD}.Release|Any CPU.ActiveCfg = Release|Any CPU
		{7645734D-F2A6-4978-BB77-A96ED408D3BD}.Release|Any CPU.Build.0 = Release|Any CPU
		{6AD89E7B-C5EC-4438-B370-6711B5FB750A}.Debug|Any CPU.ActiveCfg = Debug|Any CPU
		{6AD89E7B-C5EC-4438-B370-6711B5FB750A}.Debug|Any CPU.Build.0 = Debug|Any CPU
		{6AD89E7B-C5EC-4438-B370-6711B5FB750A}.Release|Any CPU.ActiveCfg = Release|Any CPU
		{6AD89E7B-C5EC-4438-B370-6711B5FB750A}.Release|Any CPU.Build.0 = Release|Any CPU
		{3B501B58-B78B-4526-9145-6FEBC65107CB}.Debug|Any CPU.ActiveCfg = Debug|Any CPU
		{3B501B58-B78B-4526-9145-6FEBC65107CB}.Debug|Any CPU.Build.0 = Debug|Any CPU
		{3B501B58-B78B-4526-9145-6FEBC65107CB}.Release|Any CPU.ActiveCfg = Release|Any CPU
		{3B501B58-B78B-4526-9145-6FEBC65107CB}.Release|Any CPU.Build.0 = Release|Any CPU
	EndGlobalSection
	GlobalSection(SolutionProperties) = preSolution
		HideSolutionNode = FALSE
	EndGlobalSection
	GlobalSection(ExtensibilityGlobals) = postSolution
		SolutionGuid = {41970157-3C66-45C1-B789-9AEF00D49704}
	EndGlobalSection
EndGlobal
